
Microsoft Visual Studio Solution File, Format Version 12.00
# Visual Studio Version 16
VisualStudioVersion = 16.0.31112.23
MinimumVisualStudioVersion = 10.0.40219.1
Project("{FAE04EC0-301F-11D3-BF4B-00C04F79EFBC}") = "HeThongQuanLyXe", "HeThongQuanLyXe\HeThongQuanLyXe.csproj", "{ACABD76E-A0CE-4AC3-B211-9C38598AB942}"
EndProject
Global
	GlobalSection(SolutionConfigurationPlatforms) = preSolution
		Debug|Any CPU = Debug|Any CPU
		Release|Any CPU = Release|Any CPU
	EndGlobalSection
	GlobalSection(ProjectConfigurationPlatforms) = postSolution
		{ACABD76E-A0CE-4AC3-B211-9C38598AB942}.Debug|Any CPU.ActiveCfg = Debug|Any CPU
		{ACABD76E-A0CE-4AC3-B211-9C38598AB942}.Debug|Any CPU.Build.0 = Debug|Any CPU
		{ACABD76E-A0CE-4AC3-B211-9C38598AB942}.Release|Any CPU.ActiveCfg = Release|Any CPU
		{ACABD76E-A0CE-4AC3-B211-9C38598AB942}.Release|Any CPU.Build.0 = Release|Any CPU
	EndGlobalSection
	GlobalSection(SolutionProperties) = preSolution
		HideSolutionNode = FALSE
	EndGlobalSection
	GlobalSection(ExtensibilityGlobals) = postSolution
		SolutionGuid = {2E165118-0CEB-4B71-AF94-8FF8C731CDC5}
	EndGlobalSection
EndGlobal
